Microsoft Visual Studio Solution File, Format Version 11.00
# Visual Studio 2008

Project("{1834FAE4-4944-BB27-6274-5BBB08030D84}") = "MyAwesomeGame", "Assembly-CSharp-vs.csproj", "{699EF429-01F0-D624-FDB1-31CA37ED872E}"
EndProject
Global
	GlobalSection(SolutionConfigurationPlatforms) = preSolution
		Debug|Any CPU = Debug|Any CPU
		Release|Any CPU = Release|Any CPU
	EndGlobalSection
	GlobalSection(ProjectConfigurationPlatforms) = postSolution
		{699EF429-01F0-D624-FDB1-31CA37ED872E}.Debug|Any CPU.ActiveCfg = Debug|Any CPU
		{699EF429-01F0-D624-FDB1-31CA37ED872E}.Debug|Any CPU.Build.0 = Debug|Any CPU
		{699EF429-01F0-D624-FDB1-31CA37ED872E}.Release|Any CPU.ActiveCfg = Release|Any CPU
		{699EF429-01F0-D624-FDB1-31CA37ED872E}.Release|Any CPU.Build.0 = Release|Any CPU
	EndGlobalSection
	GlobalSection(SolutionProperties) = preSolution
		HideSolutionNode = FALSE
	EndGlobalSection
																	GlobalSection(MonoDevelopProperties) = preSolution
		StartupItem = Assembly-CSharp.csproj
		Policies = $0
		$0.TextStylePolicy = $1
		$1.inheritsSet = null
		$1.scope = text/x-csharp
		$0.CSharpFormattingPolicy = $2
		$2.inheritsSet = Mono
		$2.inheritsScope = text/x-csharp
		$2.scope = text/x-csharp
		$0.TextStylePolicy = $3
		$3.FileWidth = 120
		$3.TabWidth = 4
		$3.EolMarker = Unix
		$3.inheritsSet = Mono
		$3.inheritsScope = text/plain
		$3.scope = text/plain
	EndGlobalSection

EndGlobal
